
Microsoft Visual Studio Solution File, Format Version 12.00
# Visual Studio Version 17
VisualStudioVersion = 17.9.34723.18
MinimumVisualStudioVersion = 10.0.40219.1
Project("{9A19103F-16F7-4668-BE54-9A1E7A4F7556}") = "ProuctsApi", "ProuctsApi.csproj", "{3E20F7AE-FB63-45B1-BC76-CFE704242351}"
EndProject
Project("{FAE04EC0-301F-11D3-BF4B-00C04F79EFBC}") = "TesteApiXUnit.Test", "..\TesteApiXUnit.Test\TesteApiXUnit.Test.csproj", "{1A8A0E66-CD3D-4EF4-9CD1-A349D1C756B1}"
EndProject
Global
	GlobalSection(SolutionConfigurationPlatforms) = preSolution
		Debug|Any CPU = Debug|Any CPU
		Release|Any CPU = Release|Any CPU
	EndGlobalSection
	GlobalSection(ProjectConfigurationPlatforms) = postSolution
		{3E20F7AE-FB63-45B1-BC76-CFE704242351}.Debug|Any CPU.ActiveCfg = Debug|Any CPU
		{3E20F7AE-FB63-45B1-BC76-CFE704242351}.Debug|Any CPU.Build.0 = Debug|Any CPU
		{3E20F7AE-FB63-45B1-BC76-CFE704242351}.Release|Any CPU.ActiveCfg = Release|Any CPU
		{3E20F7AE-FB63-45B1-BC76-CFE704242351}.Release|Any CPU.Build.0 = Release|Any CPU
		{1A8A0E66-CD3D-4EF4-9CD1-A349D1C756B1}.Debug|Any CPU.ActiveCfg = Debug|Any CPU
		{1A8A0E66-CD3D-4EF4-9CD1-A349D1C756B1}.Debug|Any CPU.Build.0 = Debug|Any CPU
		{1A8A0E66-CD3D-4EF4-9CD1-A349D1C756B1}.Release|Any CPU.ActiveCfg = Release|Any CPU
		{1A8A0E66-CD3D-4EF4-9CD1-A349D1C756B1}.Release|Any CPU.Build.0 = Release|Any CPU
	EndGlobalSection
	GlobalSection(SolutionProperties) = preSolution
		HideSolutionNode = FALSE
	EndGlobalSection
	GlobalSection(ExtensibilityGlobals) = postSolution
		SolutionGuid = {E0F89F98-0996-4272-AFCD-6A24F3BD8D77}
	EndGlobalSection
EndGlobal
